// !$*UTF8*$!
{
	archiveVersion = 1;
	classes = {
	};
	objectVersion = 56;
	objects = {

/* Begin PBXBuildFile section */
		266835462A9FA598004C6ADD /* ForgotPasswordViewController.swift in Sources */ = {isa = PBXBuildFile; fileRef = 266835452A9FA598004C6ADD /* ForgotPasswordViewController.swift */; };
		2E06B3A42B0D2155008F6691 /* OnboardingViewController.swift in Sources */ = {isa = PBXBuildFile; fileRef = 2E06B3A32B0D2155008F6691 /* OnboardingViewController.swift */; };
		2E3DCEAB2ACEC32E00BFDC19 /* TransactionTableViewCell.swift in Sources */ = {isa = PBXBuildFile; fileRef = 2E3DCEAA2ACEC32E00BFDC19 /* TransactionTableViewCell.swift */; };
		2E3DCEB22AD0A61A00BFDC19 /* NotificationViewController.swift in Sources */ = {isa = PBXBuildFile; fileRef = 2E3DCEB12AD0A61A00BFDC19 /* NotificationViewController.swift */; };
		2E3DCEB62AD1D5F400BFDC19 /* IncomeView.swift in Sources */ = {isa = PBXBuildFile; fileRef = 2E3DCEB52AD1D5F400BFDC19 /* IncomeView.swift */; };
		2E3DCEB82AD1D60600BFDC19 /* ExpenseView.swift in Sources */ = {isa = PBXBuildFile; fileRef = 2E3DCEB72AD1D60600BFDC19 /* ExpenseView.swift */; };
		2E3DCEBA2AD3063100BFDC19 /* CustomTabBar.swift in Sources */ = {isa = PBXBuildFile; fileRef = 2E3DCEB92AD3063100BFDC19 /* CustomTabBar.swift */; };
		2E3DCEBC2AD8459D00BFDC19 /* ProfileTableViewCell.swift in Sources */ = {isa = PBXBuildFile; fileRef = 2E3DCEBB2AD8459D00BFDC19 /* ProfileTableViewCell.swift */; };
		2E3DCEBE2AD8479F00BFDC19 /* SettingsItem.swift in Sources */ = {isa = PBXBuildFile; fileRef = 2E3DCEBD2AD8479F00BFDC19 /* SettingsItem.swift */; };
		2E3DCEC02AD85B3800BFDC19 /* NotificationTableViewCell.swift in Sources */ = {isa = PBXBuildFile; fileRef = 2E3DCEBF2AD85B3800BFDC19 /* NotificationTableViewCell.swift */; };
		2E3DCEC22AD85CBC00BFDC19 /* NotificationModel.swift in Sources */ = {isa = PBXBuildFile; fileRef = 2E3DCEC12AD85CBC00BFDC19 /* NotificationModel.swift */; };
		2E3DCEF22ADDA8A600BFDC19 /* HomePresenter.swift in Sources */ = {isa = PBXBuildFile; fileRef = 2E3DCEF12ADDA8A600BFDC19 /* HomePresenter.swift */; };
		2E3DCEF62ADDA93300BFDC19 /* BudgetPresenter.swift in Sources */ = {isa = PBXBuildFile; fileRef = 2E3DCEF52ADDA93300BFDC19 /* BudgetPresenter.swift */; };
		2E3DCEF82ADDA94800BFDC19 /* ProfilePresenter.swift in Sources */ = {isa = PBXBuildFile; fileRef = 2E3DCEF72ADDA94800BFDC19 /* ProfilePresenter.swift */; };
		2E3DCEFA2ADDA95900BFDC19 /* IncomePresenter.swift in Sources */ = {isa = PBXBuildFile; fileRef = 2E3DCEF92ADDA95900BFDC19 /* IncomePresenter.swift */; };
		2E3DCEFC2ADDA96700BFDC19 /* ExpensePresenter.swift in Sources */ = {isa = PBXBuildFile; fileRef = 2E3DCEFB2ADDA96700BFDC19 /* ExpensePresenter.swift */; };
		2E3DCEFE2ADDA97800BFDC19 /* NotificationPresenter.swift in Sources */ = {isa = PBXBuildFile; fileRef = 2E3DCEFD2ADDA97800BFDC19 /* NotificationPresenter.swift */; };
		2E3DCF022ADDAF7600BFDC19 /* HomeContract.swift in Sources */ = {isa = PBXBuildFile; fileRef = 2E3DCF012ADDAF7600BFDC19 /* HomeContract.swift */; };
		2E3DCF042ADDAF8C00BFDC19 /* TransactionContract.swift in Sources */ = {isa = PBXBuildFile; fileRef = 2E3DCF032ADDAF8C00BFDC19 /* TransactionContract.swift */; };
		2E3DCF082ADDAFCC00BFDC19 /* BudgetContract.swift in Sources */ = {isa = PBXBuildFile; fileRef = 2E3DCF072ADDAFCC00BFDC19 /* BudgetContract.swift */; };
		2E3DCF0C2ADDAFEF00BFDC19 /* ProfileContract.swift in Sources */ = {isa = PBXBuildFile; fileRef = 2E3DCF0B2ADDAFEF00BFDC19 /* ProfileContract.swift */; };
		2E3DCF102ADDB01200BFDC19 /* IncomeContract.swift in Sources */ = {isa = PBXBuildFile; fileRef = 2E3DCF0F2ADDB01200BFDC19 /* IncomeContract.swift */; };
		2E3DCF142ADDB03A00BFDC19 /* ExpenseContract.swift in Sources */ = {isa = PBXBuildFile; fileRef = 2E3DCF132ADDB03A00BFDC19 /* ExpenseContract.swift */; };
		2E3DCF182ADDB05D00BFDC19 /* NotificationContract.swift in Sources */ = {isa = PBXBuildFile; fileRef = 2E3DCF172ADDB05D00BFDC19 /* NotificationContract.swift */; };
		2E45E6122AF1545D00148305 /* HomeModel.swift in Sources */ = {isa = PBXBuildFile; fileRef = 2E45E6112AF1545D00148305 /* HomeModel.swift */; };
		2E4957A72B20D2F8004BE02B /* TransactionsChartsView.swift in Sources */ = {isa = PBXBuildFile; fileRef = 2E4957A62B20D2F8004BE02B /* TransactionsChartsView.swift */; };
		2E4957D52B2247EC004BE02B /* CurrencyViewController.swift in Sources */ = {isa = PBXBuildFile; fileRef = 2E4957D42B2247EC004BE02B /* CurrencyViewController.swift */; };
		2E4957D72B224EC2004BE02B /* LanguageViewController.swift in Sources */ = {isa = PBXBuildFile; fileRef = 2E4957D62B224EC2004BE02B /* LanguageViewController.swift */; };
		2E4957DF2B224FDF004BE02B /* NotificationSettingsViewController.swift in Sources */ = {isa = PBXBuildFile; fileRef = 2E4957DE2B224FDF004BE02B /* NotificationSettingsViewController.swift */; };
		2E4957E12B235112004BE02B /* SettingsTableViewCell.swift in Sources */ = {isa = PBXBuildFile; fileRef = 2E4957E02B235111004BE02B /* SettingsTableViewCell.swift */; };
		2E5059372AFE93C100FF877F /* TransactionPresenter.swift in Sources */ = {isa = PBXBuildFile; fileRef = 2E5059362AFE93C100FF877F /* TransactionPresenter.swift */; };
		2E548B742AA4EDD7008635FF /* MainTabBarController.swift in Sources */ = {isa = PBXBuildFile; fileRef = 2E548B732AA4EDD7008635FF /* MainTabBarController.swift */; };
		2E548B772AA4EE22008635FF /* HomeViewController.swift in Sources */ = {isa = PBXBuildFile; fileRef = 2E548B762AA4EE22008635FF /* HomeViewController.swift */; };
		2E548B792AA4EE45008635FF /* TransactionViewController.swift in Sources */ = {isa = PBXBuildFile; fileRef = 2E548B782AA4EE45008635FF /* TransactionViewController.swift */; };
		2E548B7B2AA4EE57008635FF /* BudgetViewController.swift in Sources */ = {isa = PBXBuildFile; fileRef = 2E548B7A2AA4EE57008635FF /* BudgetViewController.swift */; };
		2E548B7D2AA4EE62008635FF /* ProfileViewController.swift in Sources */ = {isa = PBXBuildFile; fileRef = 2E548B7C2AA4EE62008635FF /* ProfileViewController.swift */; };
		2E548B7F2AA4EE71008635FF /* IncomeViewController.swift in Sources */ = {isa = PBXBuildFile; fileRef = 2E548B7E2AA4EE71008635FF /* IncomeViewController.swift */; };
		2E548B812AA4EE87008635FF /* ExpenseViewController.swift in Sources */ = {isa = PBXBuildFile; fileRef = 2E548B802AA4EE87008635FF /* ExpenseViewController.swift */; };
		2E5FA05A2AFAB9B400989A15 /* FirebaseManager.swift in Sources */ = {isa = PBXBuildFile; fileRef = 2E5FA0592AFAB9B400989A15 /* FirebaseManager.swift */; };
		2E5FA05C2AFABBFD00989A15 /* Document.swift in Sources */ = {isa = PBXBuildFile; fileRef = 2E5FA05B2AFABBFD00989A15 /* Document.swift */; };
		2E6DD6A92B1DD9B60088434A /* FinancialReportViewController.swift in Sources */ = {isa = PBXBuildFile; fileRef = 2E6DD6A82B1DD9B60088434A /* FinancialReportViewController.swift */; };
		2E6DD6AD2B1E13620088434A /* GreenCell.swift in Sources */ = {isa = PBXBuildFile; fileRef = 2E6DD6AC2B1E13620088434A /* GreenCell.swift */; };
		2E6DD6AF2B1E136E0088434A /* RedCell.swift in Sources */ = {isa = PBXBuildFile; fileRef = 2E6DD6AE2B1E136E0088434A /* RedCell.swift */; };
		2E6DD6B12B1E137E0088434A /* BrownCell.swift in Sources */ = {isa = PBXBuildFile; fileRef = 2E6DD6B02B1E137E0088434A /* BrownCell.swift */; };
		2E6DD6B62B1E42080088434A /* FinancialReportPresenter.swift in Sources */ = {isa = PBXBuildFile; fileRef = 2E6DD6B52B1E42070088434A /* FinancialReportPresenter.swift */; };
		2E6DD6B82B1E423C0088434A /* FinancialReportContract.swift in Sources */ = {isa = PBXBuildFile; fileRef = 2E6DD6B72B1E423C0088434A /* FinancialReportContract.swift */; };
		2E7708ED2B1F208900868CB6 /* SettingsViewController.swift in Sources */ = {isa = PBXBuildFile; fileRef = 2E7708EC2B1F208900868CB6 /* SettingsViewController.swift */; };
		2E7B41392B2717B000E9D07A /* CurrencyContract.swift in Sources */ = {isa = PBXBuildFile; fileRef = 2E7B41382B2717B000E9D07A /* CurrencyContract.swift */; };
		2E7B413B2B2717BE00E9D07A /* CurrencyPresenter.swift in Sources */ = {isa = PBXBuildFile; fileRef = 2E7B413A2B2717BE00E9D07A /* CurrencyPresenter.swift */; };
		2E7B413D2B2717D400E9D07A /* CurrencyModel.swift in Sources */ = {isa = PBXBuildFile; fileRef = 2E7B413C2B2717D400E9D07A /* CurrencyModel.swift */; };
		2EA903112AF2B49F00382CE4 /* TransactionModel.swift in Sources */ = {isa = PBXBuildFile; fileRef = 2EA903102AF2B49F00382CE4 /* TransactionModel.swift */; };
		2EA903142AF2BDA900382CE4 /* FirebaseAuth in Frameworks */ = {isa = PBXBuildFile; productRef = 2EA903132AF2BDA900382CE4 /* FirebaseAuth */; };
		2EA903162AF2BDA900382CE4 /* FirebaseDatabase in Frameworks */ = {isa = PBXBuildFile; productRef = 2EA903152AF2BDA900382CE4 /* FirebaseDatabase */; };
		2EA903182AF2BDA900382CE4 /* FirebaseDatabaseSwift in Frameworks */ = {isa = PBXBuildFile; productRef = 2EA903172AF2BDA900382CE4 /* FirebaseDatabaseSwift */; };
		2EA9031A2AF2BDA900382CE4 /* FirebaseFirestore in Frameworks */ = {isa = PBXBuildFile; productRef = 2EA903192AF2BDA900382CE4 /* FirebaseFirestore */; };
		2EA9031C2AF2BDA900382CE4 /* FirebaseStorage in Frameworks */ = {isa = PBXBuildFile; productRef = 2EA9031B2AF2BDA900382CE4 /* FirebaseStorage */; };
		2EC3A4FD2B17A92400AA147B /* RegistrationContract.swift in Sources */ = {isa = PBXBuildFile; fileRef = 2EC3A4FC2B17A92400AA147B /* RegistrationContract.swift */; };
		2EC3A4FF2B17A94000AA147B /* AuthorizationContract.swift in Sources */ = {isa = PBXBuildFile; fileRef = 2EC3A4FE2B17A94000AA147B /* AuthorizationContract.swift */; };
		2ECB4AE12AF94EA6006D42BD /* GoogleService-Info.plist in Resources */ = {isa = PBXBuildFile; fileRef = 2ECB4AE02AF94EA6006D42BD /* GoogleService-Info.plist */; };
		2ECC2C5C2B0F3BE600FE4D61 /* RegistrationPresenter.swift in Sources */ = {isa = PBXBuildFile; fileRef = 2ECC2C5B2B0F3BE600FE4D61 /* RegistrationPresenter.swift */; };
		2ECC2C5E2B0F3C0400FE4D61 /* AuthorizationPresenter.swift in Sources */ = {isa = PBXBuildFile; fileRef = 2ECC2C5D2B0F3C0400FE4D61 /* AuthorizationPresenter.swift */; };
		2ECC2C602B0F3C6800FE4D61 /* RegistrationViewController.swift in Sources */ = {isa = PBXBuildFile; fileRef = 2ECC2C5F2B0F3C6800FE4D61 /* RegistrationViewController.swift */; };
		2ECC2C622B0F3C7D00FE4D61 /* AuthorizationViewController.swift in Sources */ = {isa = PBXBuildFile; fileRef = 2ECC2C612B0F3C7D00FE4D61 /* AuthorizationViewController.swift */; };
		2ECC2C642B0FD1E600FE4D61 /* CheckField.swift in Sources */ = {isa = PBXBuildFile; fileRef = 2ECC2C632B0FD1E600FE4D61 /* CheckField.swift */; };
		D884DC102A90ED8600B7D89A /* AppDelegate.swift in Sources */ = {isa = PBXBuildFile; fileRef = D884DC0F2A90ED8600B7D89A /* AppDelegate.swift */; };
		D884DC122A90ED8600B7D89A /* SceneDelegate.swift in Sources */ = {isa = PBXBuildFile; fileRef = D884DC112A90ED8600B7D89A /* SceneDelegate.swift */; };
		D884DC192A90ED8700B7D89A /* Assets.xcassets in Resources */ = {isa = PBXBuildFile; fileRef = D884DC182A90ED8700B7D89A /* Assets.xcassets */; };
		D884DC1C2A90ED8700B7D89A /* LaunchScreen.storyboard in Resources */ = {isa = PBXBuildFile; fileRef = D884DC1A2A90ED8700B7D89A /* LaunchScreen.storyboard */; };
		D8C41D802A93DFCF0041380D /* SnapKit in Frameworks */ = {isa = PBXBuildFile; productRef = D8C41D7F2A93DFCF0041380D /* SnapKit */; };
/* End PBXBuildFile section */

/* Begin PBXFileReference section */
		266835452A9FA598004C6ADD /* ForgotPasswordViewController.swift */ = {isa = PBXFileReference; lastKnownFileType = sourcecode.swift; path = ForgotPasswordViewController.swift; sourceTree = "<group>"; };
		2E06B3A32B0D2155008F6691 /* OnboardingViewController.swift */ = {isa = PBXFileReference; lastKnownFileType = sourcecode.swift; path = OnboardingViewController.swift; sourceTree = "<group>"; };
		2E357B482AF4120400E509D7 /* CoreGraphics.framework */ = {isa = PBXFileReference; lastKnownFileType = wrapper.framework; name = CoreGraphics.framework; path = System/Library/Frameworks/CoreGraphics.framework; sourceTree = SDKROOT; };
		2E357B4A2AF4121700E509D7 /* UIKit.framework */ = {isa = PBXFileReference; lastKnownFileType = wrapper.framework; name = UIKit.framework; path = System/Library/Frameworks/UIKit.framework; sourceTree = SDKROOT; };
		2E357B4C2AF4122600E509D7 /* Foundation.framework */ = {isa = PBXFileReference; lastKnownFileType = wrapper.framework; name = Foundation.framework; path = System/Library/Frameworks/Foundation.framework; sourceTree = SDKROOT; };
		2E3DCEAA2ACEC32E00BFDC19 /* TransactionTableViewCell.swift */ = {isa = PBXFileReference; lastKnownFileType = sourcecode.swift; path = TransactionTableViewCell.swift; sourceTree = "<group>"; };
		2E3DCEB12AD0A61A00BFDC19 /* NotificationViewController.swift */ = {isa = PBXFileReference; lastKnownFileType = sourcecode.swift; path = NotificationViewController.swift; sourceTree = "<group>"; };
		2E3DCEB52AD1D5F400BFDC19 /* IncomeView.swift */ = {isa = PBXFileReference; lastKnownFileType = sourcecode.swift; path = IncomeView.swift; sourceTree = "<group>"; };
		2E3DCEB72AD1D60600BFDC19 /* ExpenseView.swift */ = {isa = PBXFileReference; lastKnownFileType = sourcecode.swift; path = ExpenseView.swift; sourceTree = "<group>"; };
		2E3DCEB92AD3063100BFDC19 /* CustomTabBar.swift */ = {isa = PBXFileReference; lastKnownFileType = sourcecode.swift; path = CustomTabBar.swift; sourceTree = "<group>"; };
		2E3DCEBB2AD8459D00BFDC19 /* ProfileTableViewCell.swift */ = {isa = PBXFileReference; lastKnownFileType = sourcecode.swift; path = ProfileTableViewCell.swift; sourceTree = "<group>"; };
		2E3DCEBD2AD8479F00BFDC19 /* SettingsItem.swift */ = {isa = PBXFileReference; lastKnownFileType = sourcecode.swift; path = SettingsItem.swift; sourceTree = "<group>"; };
		2E3DCEBF2AD85B3800BFDC19 /* NotificationTableViewCell.swift */ = {isa = PBXFileReference; lastKnownFileType = sourcecode.swift; path = NotificationTableViewCell.swift; sourceTree = "<group>"; };
		2E3DCEC12AD85CBC00BFDC19 /* NotificationModel.swift */ = {isa = PBXFileReference; lastKnownFileType = sourcecode.swift; path = NotificationModel.swift; sourceTree = "<group>"; };
		2E3DCEF12ADDA8A600BFDC19 /* HomePresenter.swift */ = {isa = PBXFileReference; lastKnownFileType = sourcecode.swift; path = HomePresenter.swift; sourceTree = "<group>"; };
		2E3DCEF52ADDA93300BFDC19 /* BudgetPresenter.swift */ = {isa = PBXFileReference; lastKnownFileType = sourcecode.swift; path = BudgetPresenter.swift; sourceTree = "<group>"; };
		2E3DCEF72ADDA94800BFDC19 /* ProfilePresenter.swift */ = {isa = PBXFileReference; lastKnownFileType = sourcecode.swift; path = ProfilePresenter.swift; sourceTree = "<group>"; };
		2E3DCEF92ADDA95900BFDC19 /* IncomePresenter.swift */ = {isa = PBXFileReference; lastKnownFileType = sourcecode.swift; path = IncomePresenter.swift; sourceTree = "<group>"; };
		2E3DCEFB2ADDA96700BFDC19 /* ExpensePresenter.swift */ = {isa = PBXFileReference; lastKnownFileType = sourcecode.swift; path = ExpensePresenter.swift; sourceTree = "<group>"; };
		2E3DCEFD2ADDA97800BFDC19 /* NotificationPresenter.swift */ = {isa = PBXFileReference; lastKnownFileType = sourcecode.swift; path = NotificationPresenter.swift; sourceTree = "<group>"; };
		2E3DCF012ADDAF7600BFDC19 /* HomeContract.swift */ = {isa = PBXFileReference; lastKnownFileType = sourcecode.swift; path = HomeContract.swift; sourceTree = "<group>"; };
		2E3DCF032ADDAF8C00BFDC19 /* TransactionContract.swift */ = {isa = PBXFileReference; lastKnownFileType = sourcecode.swift; path = TransactionContract.swift; sourceTree = "<group>"; };
		2E3DCF072ADDAFCC00BFDC19 /* BudgetContract.swift */ = {isa = PBXFileReference; lastKnownFileType = sourcecode.swift; path = BudgetContract.swift; sourceTree = "<group>"; };
		2E3DCF0B2ADDAFEF00BFDC19 /* ProfileContract.swift */ = {isa = PBXFileReference; lastKnownFileType = sourcecode.swift; path = ProfileContract.swift; sourceTree = "<group>"; };
		2E3DCF0F2ADDB01200BFDC19 /* IncomeContract.swift */ = {isa = PBXFileReference; lastKnownFileType = sourcecode.swift; path = IncomeContract.swift; sourceTree = "<group>"; };
		2E3DCF132ADDB03A00BFDC19 /* ExpenseContract.swift */ = {isa = PBXFileReference; lastKnownFileType = sourcecode.swift; path = ExpenseContract.swift; sourceTree = "<group>"; };
		2E3DCF172ADDB05D00BFDC19 /* NotificationContract.swift */ = {isa = PBXFileReference; lastKnownFileType = sourcecode.swift; path = NotificationContract.swift; sourceTree = "<group>"; };
		2E45E6112AF1545D00148305 /* HomeModel.swift */ = {isa = PBXFileReference; lastKnownFileType = sourcecode.swift; path = HomeModel.swift; sourceTree = "<group>"; };
		2E4957A62B20D2F8004BE02B /* TransactionsChartsView.swift */ = {isa = PBXFileReference; lastKnownFileType = sourcecode.swift; path = TransactionsChartsView.swift; sourceTree = "<group>"; };
		2E4957D42B2247EC004BE02B /* CurrencyViewController.swift */ = {isa = PBXFileReference; lastKnownFileType = sourcecode.swift; path = CurrencyViewController.swift; sourceTree = "<group>"; };
		2E4957D62B224EC2004BE02B /* LanguageViewController.swift */ = {isa = PBXFileReference; lastKnownFileType = sourcecode.swift; path = LanguageViewController.swift; sourceTree = "<group>"; };
		2E4957DE2B224FDF004BE02B /* NotificationSettingsViewController.swift */ = {isa = PBXFileReference; lastKnownFileType = sourcecode.swift; path = NotificationSettingsViewController.swift; sourceTree = "<group>"; };
		2E4957E02B235111004BE02B /* SettingsTableViewCell.swift */ = {isa = PBXFileReference; lastKnownFileType = sourcecode.swift; path = SettingsTableViewCell.swift; sourceTree = "<group>"; };
		2E5059362AFE93C100FF877F /* TransactionPresenter.swift */ = {isa = PBXFileReference; lastKnownFileType = sourcecode.swift; path = TransactionPresenter.swift; sourceTree = "<group>"; };
		2E548B732AA4EDD7008635FF /* MainTabBarController.swift */ = {isa = PBXFileReference; lastKnownFileType = sourcecode.swift; path = MainTabBarController.swift; sourceTree = "<group>"; };
		2E548B762AA4EE22008635FF /* HomeViewController.swift */ = {isa = PBXFileReference; lastKnownFileType = sourcecode.swift; path = HomeViewController.swift; sourceTree = "<group>"; };
		2E548B782AA4EE45008635FF /* TransactionViewController.swift */ = {isa = PBXFileReference; lastKnownFileType = sourcecode.swift; path = TransactionViewController.swift; sourceTree = "<group>"; };
		2E548B7A2AA4EE57008635FF /* BudgetViewController.swift */ = {isa = PBXFileReference; lastKnownFileType = sourcecode.swift; path = BudgetViewController.swift; sourceTree = "<group>"; };
		2E548B7C2AA4EE62008635FF /* ProfileViewController.swift */ = {isa = PBXFileReference; lastKnownFileType = sourcecode.swift; path = ProfileViewController.swift; sourceTree = "<group>"; };
		2E548B7E2AA4EE71008635FF /* IncomeViewController.swift */ = {isa = PBXFileReference; lastKnownFileType = sourcecode.swift; path = IncomeViewController.swift; sourceTree = "<group>"; };
		2E548B802AA4EE87008635FF /* ExpenseViewController.swift */ = {isa = PBXFileReference; lastKnownFileType = sourcecode.swift; path = ExpenseViewController.swift; sourceTree = "<group>"; };
		2E5FA0592AFAB9B400989A15 /* FirebaseManager.swift */ = {isa = PBXFileReference; lastKnownFileType = sourcecode.swift; path = FirebaseManager.swift; sourceTree = "<group>"; };
		2E5FA05B2AFABBFD00989A15 /* Document.swift */ = {isa = PBXFileReference; lastKnownFileType = sourcecode.swift; path = Document.swift; sourceTree = "<group>"; };
		2E6DD6A82B1DD9B60088434A /* FinancialReportViewController.swift */ = {isa = PBXFileReference; lastKnownFileType = sourcecode.swift; path = FinancialReportViewController.swift; sourceTree = "<group>"; };
		2E6DD6AC2B1E13620088434A /* GreenCell.swift */ = {isa = PBXFileReference; lastKnownFileType = sourcecode.swift; path = GreenCell.swift; sourceTree = "<group>"; };
		2E6DD6AE2B1E136E0088434A /* RedCell.swift */ = {isa = PBXFileReference; lastKnownFileType = sourcecode.swift; path = RedCell.swift; sourceTree = "<group>"; };
		2E6DD6B02B1E137E0088434A /* BrownCell.swift */ = {isa = PBXFileReference; lastKnownFileType = sourcecode.swift; path = BrownCell.swift; sourceTree = "<group>"; };
		2E6DD6B52B1E42070088434A /* FinancialReportPresenter.swift */ = {isa = PBXFileReference; lastKnownFileType = sourcecode.swift; path = FinancialReportPresenter.swift; sourceTree = "<group>"; };
		2E6DD6B72B1E423C0088434A /* FinancialReportContract.swift */ = {isa = PBXFileReference; lastKnownFileType = sourcecode.swift; path = FinancialReportContract.swift; sourceTree = "<group>"; };
		2E7708EC2B1F208900868CB6 /* SettingsViewController.swift */ = {isa = PBXFileReference; lastKnownFileType = sourcecode.swift; path = SettingsViewController.swift; sourceTree = "<group>"; };
		2E7B41382B2717B000E9D07A /* CurrencyContract.swift */ = {isa = PBXFileReference; lastKnownFileType = sourcecode.swift; path = CurrencyContract.swift; sourceTree = "<group>"; };
		2E7B413A2B2717BE00E9D07A /* CurrencyPresenter.swift */ = {isa = PBXFileReference; lastKnownFileType = sourcecode.swift; path = CurrencyPresenter.swift; sourceTree = "<group>"; };
		2E7B413C2B2717D400E9D07A /* CurrencyModel.swift */ = {isa = PBXFileReference; lastKnownFileType = sourcecode.swift; path = CurrencyModel.swift; sourceTree = "<group>"; };
		2EA903102AF2B49F00382CE4 /* TransactionModel.swift */ = {isa = PBXFileReference; lastKnownFileType = sourcecode.swift; path = TransactionModel.swift; sourceTree = "<group>"; };
		2EC3A4FC2B17A92400AA147B /* RegistrationContract.swift */ = {isa = PBXFileReference; lastKnownFileType = sourcecode.swift; path = RegistrationContract.swift; sourceTree = "<group>"; };
		2EC3A4FE2B17A94000AA147B /* AuthorizationContract.swift */ = {isa = PBXFileReference; lastKnownFileType = sourcecode.swift; path = AuthorizationContract.swift; sourceTree = "<group>"; };
		2ECB4AE02AF94EA6006D42BD /* GoogleService-Info.plist */ = {isa = PBXFileReference; fileEncoding = 4; lastKnownFileType = text.plist.xml; name = "GoogleService-Info.plist"; path = "../../Downloads/GoogleService-Info.plist"; sourceTree = "<group>"; };
		2ECC2C5B2B0F3BE600FE4D61 /* RegistrationPresenter.swift */ = {isa = PBXFileReference; lastKnownFileType = sourcecode.swift; path = RegistrationPresenter.swift; sourceTree = "<group>"; };
		2ECC2C5D2B0F3C0400FE4D61 /* AuthorizationPresenter.swift */ = {isa = PBXFileReference; lastKnownFileType = sourcecode.swift; path = AuthorizationPresenter.swift; sourceTree = "<group>"; };
		2ECC2C5F2B0F3C6800FE4D61 /* RegistrationViewController.swift */ = {isa = PBXFileReference; lastKnownFileType = sourcecode.swift; path = RegistrationViewController.swift; sourceTree = "<group>"; };
		2ECC2C612B0F3C7D00FE4D61 /* AuthorizationViewController.swift */ = {isa = PBXFileReference; lastKnownFileType = sourcecode.swift; path = AuthorizationViewController.swift; sourceTree = "<group>"; };
		2ECC2C632B0FD1E600FE4D61 /* CheckField.swift */ = {isa = PBXFileReference; lastKnownFileType = sourcecode.swift; path = CheckField.swift; sourceTree = "<group>"; };
		D884DC0C2A90ED8600B7D89A /* kirisShygysApp.app */ = {isa = PBXFileReference; explicitFileType = wrapper.application; includeInIndex = 0; path = kirisShygysApp.app; sourceTree = BUILT_PRODUCTS_DIR; };
		D884DC0F2A90ED8600B7D89A /* AppDelegate.swift */ = {isa = PBXFileReference; lastKnownFileType = sourcecode.swift; path = AppDelegate.swift; sourceTree = "<group>"; };
		D884DC112A90ED8600B7D89A /* SceneDelegate.swift */ = {isa = PBXFileReference; lastKnownFileType = sourcecode.swift; path = SceneDelegate.swift; sourceTree = "<group>"; };
		D884DC182A90ED8700B7D89A /* Assets.xcassets */ = {isa = PBXFileReference; lastKnownFileType = folder.assetcatalog; path = Assets.xcassets; sourceTree = "<group>"; };
		D884DC1B2A90ED8700B7D89A /* Base */ = {isa = PBXFileReference; lastKnownFileType = file.storyboard; name = Base; path = Base.lproj/LaunchScreen.storyboard; sourceTree = "<group>"; };
		D884DC1D2A90ED8700B7D89A /* Info.plist */ = {isa = PBXFileReference; lastKnownFileType = text.plist.xml; path = Info.plist; sourceTree = "<group>"; };
/* End PBXFileReference section */

/* Begin PBXFrameworksBuildPhase section */
		D884DC092A90ED8600B7D89A /* Frameworks */ = {
			isa = PBXFrameworksBuildPhase;
			buildActionMask = 2147483647;
			files = (
				2EA903182AF2BDA900382CE4 /* FirebaseDatabaseSwift in Frameworks */,
				2EA903162AF2BDA900382CE4 /* FirebaseDatabase in Frameworks */,
				D8C41D802A93DFCF0041380D /* SnapKit in Frameworks */,
				2EA9031A2AF2BDA900382CE4 /* FirebaseFirestore in Frameworks */,
				2EA903142AF2BDA900382CE4 /* FirebaseAuth in Frameworks */,
				2EA9031C2AF2BDA900382CE4 /* FirebaseStorage in Frameworks */,
			);
			runOnlyForDeploymentPostprocessing = 0;
		};
/* End PBXFrameworksBuildPhase section */

/* Begin PBXGroup section */
		267E26D62A9D307100279F98 /* AppResources */ = {
			isa = PBXGroup;
			children = (
				D884DC1D2A90ED8700B7D89A /* Info.plist */,
				D884DC182A90ED8700B7D89A /* Assets.xcassets */,
			);
			path = AppResources;
			sourceTree = "<group>";
		};
		2E06B3A22B0D210C008F6691 /* Onboarding */ = {
			isa = PBXGroup;
			children = (
				2E237EBB2B10EE91007561BF /* Onboarding */,
				2ECC2C5A2B0F3B7700FE4D61 /* SignUp */,
				2ECC2C592B0F3B6400FE4D61 /* Login */,
				266835452A9FA598004C6ADD /* ForgotPasswordViewController.swift */,
			);
			path = Onboarding;
			sourceTree = "<group>";
		};
		2E237EBB2B10EE91007561BF /* Onboarding */ = {
			isa = PBXGroup;
			children = (
				2E06B3A32B0D2155008F6691 /* OnboardingViewController.swift */,
			);
			path = Onboarding;
			sourceTree = "<group>";
		};
		2E357B472AF4120400E509D7 /* Frameworks */ = {
			isa = PBXGroup;
			children = (
				2E357B4C2AF4122600E509D7 /* Foundation.framework */,
				2E357B4A2AF4121700E509D7 /* UIKit.framework */,
				2E357B482AF4120400E509D7 /* CoreGraphics.framework */,
			);
			name = Frameworks;
			sourceTree = "<group>";
		};
		2E4957A52B20D2B2004BE02B /* TransactionsChart */ = {
			isa = PBXGroup;
			children = (
				2E4957A62B20D2F8004BE02B /* TransactionsChartsView.swift */,
			);
			path = TransactionsChart;
			sourceTree = "<group>";
		};
		2E548B722AA4EDAC008635FF /* TabBar */ = {
			isa = PBXGroup;
			children = (
				2E548B732AA4EDD7008635FF /* MainTabBarController.swift */,
				2E3DCEB92AD3063100BFDC19 /* CustomTabBar.swift */,
			);
			path = TabBar;
			sourceTree = "<group>";
		};
		2E6DD6A72B1DD9970088434A /* FinancialReport */ = {
			isa = PBXGroup;
			children = (
				2E6DD6B42B1E3BF50088434A /* Cells */,
				2E6DD6A82B1DD9B60088434A /* FinancialReportViewController.swift */,
				2E6DD6B72B1E423C0088434A /* FinancialReportContract.swift */,
				2E6DD6B52B1E42070088434A /* FinancialReportPresenter.swift */,
			);
			path = FinancialReport;
			sourceTree = "<group>";
		};
		2E6DD6B42B1E3BF50088434A /* Cells */ = {
			isa = PBXGroup;
			children = (
				2E6DD6AC2B1E13620088434A /* GreenCell.swift */,
				2E6DD6AE2B1E136E0088434A /* RedCell.swift */,
				2E6DD6B02B1E137E0088434A /* BrownCell.swift */,
			);
			path = Cells;
			sourceTree = "<group>";
		};
		2E7708EA2B1F205C00868CB6 /* Profile */ = {
			isa = PBXGroup;
			children = (
				2E548B7C2AA4EE62008635FF /* ProfileViewController.swift */,
				2E3DCEF72ADDA94800BFDC19 /* ProfilePresenter.swift */,
				2E3DCF0B2ADDAFEF00BFDC19 /* ProfileContract.swift */,
				2E3DCEBD2AD8479F00BFDC19 /* SettingsItem.swift */,
				2E3DCEBB2AD8459D00BFDC19 /* ProfileTableViewCell.swift */,
			);
			path = Profile;
			sourceTree = "<group>";
		};
		2E7708EB2B1F206C00868CB6 /* Settings */ = {
			isa = PBXGroup;
			children = (
				2E7B41372B27179900E9D07A /* Currency */,
				2E7708EC2B1F208900868CB6 /* SettingsViewController.swift */,
				2E4957E02B235111004BE02B /* SettingsTableViewCell.swift */,
				2E4957D62B224EC2004BE02B /* LanguageViewController.swift */,
				2E4957DE2B224FDF004BE02B /* NotificationSettingsViewController.swift */,
			);
			path = Settings;
			sourceTree = "<group>";
		};
		2E7B41372B27179900E9D07A /* Currency */ = {
			isa = PBXGroup;
			children = (
				2E4957D42B2247EC004BE02B /* CurrencyViewController.swift */,
				2E7B41382B2717B000E9D07A /* CurrencyContract.swift */,
				2E7B413A2B2717BE00E9D07A /* CurrencyPresenter.swift */,
				2E7B413C2B2717D400E9D07A /* CurrencyModel.swift */,
			);
			path = Currency;
			sourceTree = "<group>";
		};
		2ECB3A762AE07C8F009EAA9C /* HomeScreen */ = {
			isa = PBXGroup;
			children = (
				2E45E6112AF1545D00148305 /* HomeModel.swift */,
				2E548B762AA4EE22008635FF /* HomeViewController.swift */,
				2E3DCF012ADDAF7600BFDC19 /* HomeContract.swift */,
				2E3DCEF12ADDA8A600BFDC19 /* HomePresenter.swift */,
				2E3DCEB52AD1D5F400BFDC19 /* IncomeView.swift */,
				2E3DCEB72AD1D60600BFDC19 /* ExpenseView.swift */,
			);
			path = HomeScreen;
			sourceTree = "<group>";
		};
		2ECB3A772AE07D5C009EAA9C /* TransactionScreen */ = {
			isa = PBXGroup;
			children = (
				2E548B782AA4EE45008635FF /* TransactionViewController.swift */,
				2E3DCF032ADDAF8C00BFDC19 /* TransactionContract.swift */,
				2E5059362AFE93C100FF877F /* TransactionPresenter.swift */,
				2EA903102AF2B49F00382CE4 /* TransactionModel.swift */,
				2E3DCEAA2ACEC32E00BFDC19 /* TransactionTableViewCell.swift */,
			);
			path = TransactionScreen;
			sourceTree = "<group>";
		};
		2ECB3A782AE07D71009EAA9C /* BudgetScreen */ = {
			isa = PBXGroup;
			children = (
				2E548B7A2AA4EE57008635FF /* BudgetViewController.swift */,
				2E3DCF072ADDAFCC00BFDC19 /* BudgetContract.swift */,
				2E3DCEF52ADDA93300BFDC19 /* BudgetPresenter.swift */,
			);
			path = BudgetScreen;
			sourceTree = "<group>";
		};
		2ECB3A792AE07D89009EAA9C /* IncomeScreen */ = {
			isa = PBXGroup;
			children = (
				2E548B7E2AA4EE71008635FF /* IncomeViewController.swift */,
				2E3DCF0F2ADDB01200BFDC19 /* IncomeContract.swift */,
				2E3DCEF92ADDA95900BFDC19 /* IncomePresenter.swift */,
			);
			path = IncomeScreen;
			sourceTree = "<group>";
		};
		2ECB3A7A2AE07DD3009EAA9C /* ProfileScreen */ = {
			isa = PBXGroup;
			children = (
				2E7708EA2B1F205C00868CB6 /* Profile */,
				2E7708EB2B1F206C00868CB6 /* Settings */,
			);
			path = ProfileScreen;
			sourceTree = "<group>";
		};
		2ECB3A7B2AE07DF0009EAA9C /* ExpenseScreen */ = {
			isa = PBXGroup;
			children = (
				2E548B802AA4EE87008635FF /* ExpenseViewController.swift */,
				2E3DCF132ADDB03A00BFDC19 /* ExpenseContract.swift */,
				2E3DCEFB2ADDA96700BFDC19 /* ExpensePresenter.swift */,
			);
			path = ExpenseScreen;
			sourceTree = "<group>";
		};
		2ECB3A7C2AE07E11009EAA9C /* NotificationScreen */ = {
			isa = PBXGroup;
			children = (
				2E3DCEB12AD0A61A00BFDC19 /* NotificationViewController.swift */,
				2E3DCF172ADDB05D00BFDC19 /* NotificationContract.swift */,
				2E3DCEFD2ADDA97800BFDC19 /* NotificationPresenter.swift */,
				2E3DCEBF2AD85B3800BFDC19 /* NotificationTableViewCell.swift */,
				2E3DCEC12AD85CBC00BFDC19 /* NotificationModel.swift */,
			);
			path = NotificationScreen;
			sourceTree = "<group>";
		};
		2ECC2C592B0F3B6400FE4D61 /* Login */ = {
			isa = PBXGroup;
			children = (
				2ECC2C612B0F3C7D00FE4D61 /* AuthorizationViewController.swift */,
				2EC3A4FE2B17A94000AA147B /* AuthorizationContract.swift */,
				2ECC2C5D2B0F3C0400FE4D61 /* AuthorizationPresenter.swift */,
			);
			path = Login;
			sourceTree = "<group>";
		};
		2ECC2C5A2B0F3B7700FE4D61 /* SignUp */ = {
			isa = PBXGroup;
			children = (
				2ECC2C5F2B0F3C6800FE4D61 /* RegistrationViewController.swift */,
				2EC3A4FC2B17A92400AA147B /* RegistrationContract.swift */,
				2ECC2C5B2B0F3BE600FE4D61 /* RegistrationPresenter.swift */,
			);
			path = SignUp;
			sourceTree = "<group>";
		};
		D884DC032A90ED8600B7D89A = {
			isa = PBXGroup;
			children = (
				2ECB4AE02AF94EA6006D42BD /* GoogleService-Info.plist */,
				D884DC0E2A90ED8600B7D89A /* kirisShygysApp */,
				D884DC0D2A90ED8600B7D89A /* Products */,
				2E357B472AF4120400E509D7 /* Frameworks */,
			);
			sourceTree = "<group>";
		};
		D884DC0D2A90ED8600B7D89A /* Products */ = {
			isa = PBXGroup;
			children = (
				D884DC0C2A90ED8600B7D89A /* kirisShygysApp.app */,
			);
			name = Products;
			sourceTree = "<group>";
		};
		D884DC0E2A90ED8600B7D89A /* kirisShygysApp */ = {
			isa = PBXGroup;
			children = (
				D884DC1A2A90ED8700B7D89A /* LaunchScreen.storyboard */,
				D884DC0F2A90ED8600B7D89A /* AppDelegate.swift */,
				D884DC112A90ED8600B7D89A /* SceneDelegate.swift */,
				2E5FA0592AFAB9B400989A15 /* FirebaseManager.swift */,
				2E5FA05B2AFABBFD00989A15 /* Document.swift */,
				2ECC2C632B0FD1E600FE4D61 /* CheckField.swift */,
				267E26D62A9D307100279F98 /* AppResources */,
				2E06B3A22B0D210C008F6691 /* Onboarding */,
				2E548B722AA4EDAC008635FF /* TabBar */,
				2E4957A52B20D2B2004BE02B /* TransactionsChart */,
				2ECB3A762AE07C8F009EAA9C /* HomeScreen */,
				2ECB3A772AE07D5C009EAA9C /* TransactionScreen */,
				2E6DD6A72B1DD9970088434A /* FinancialReport */,
				2ECB3A782AE07D71009EAA9C /* BudgetScreen */,
				2ECB3A7A2AE07DD3009EAA9C /* ProfileScreen */,
				2ECB3A792AE07D89009EAA9C /* IncomeScreen */,
				2ECB3A7B2AE07DF0009EAA9C /* ExpenseScreen */,
				2ECB3A7C2AE07E11009EAA9C /* NotificationScreen */,
			);
			path = kirisShygysApp;
			sourceTree = "<group>";
		};
/* End PBXGroup section */

/* Begin PBXNativeTarget section */
		D884DC0B2A90ED8600B7D89A /* kirisShygysApp */ = {
			isa = PBXNativeTarget;
			buildConfigurationList = D884DC202A90ED8700B7D89A /* Build configuration list for PBXNativeTarget "kirisShygysApp" */;
			buildPhases = (
				D884DC082A90ED8600B7D89A /* Sources */,
				D884DC092A90ED8600B7D89A /* Frameworks */,
				D884DC0A2A90ED8600B7D89A /* Resources */,
			);
			buildRules = (
			);
			dependencies = (
			);
			name = kirisShygysApp;
			packageProductDependencies = (
				D8C41D7F2A93DFCF0041380D /* SnapKit */,
				2EA903132AF2BDA900382CE4 /* FirebaseAuth */,
				2EA903152AF2BDA900382CE4 /* FirebaseDatabase */,
				2EA903172AF2BDA900382CE4 /* FirebaseDatabaseSwift */,
				2EA903192AF2BDA900382CE4 /* FirebaseFirestore */,
				2EA9031B2AF2BDA900382CE4 /* FirebaseStorage */,
			);
			productName = kirisShygysApp;
			productReference = D884DC0C2A90ED8600B7D89A /* kirisShygysApp.app */;
			productType = "com.apple.product-type.application";
		};
/* End PBXNativeTarget section */

/* Begin PBXProject section */
		D884DC042A90ED8600B7D89A /* Project object */ = {
			isa = PBXProject;
			attributes = {
				BuildIndependentTargetsInParallel = 1;
				LastSwiftUpdateCheck = 1420;
				LastUpgradeCheck = 1420;
				TargetAttributes = {
					D884DC0B2A90ED8600B7D89A = {
						CreatedOnToolsVersion = 14.2;
					};
				};
			};
			buildConfigurationList = D884DC072A90ED8600B7D89A /* Build configuration list for PBXProject "kirisShygysApp" */;
			compatibilityVersion = "Xcode 14.0";
			developmentRegion = en;
			hasScannedForEncodings = 0;
			knownRegions = (
				en,
				Base,
			);
			mainGroup = D884DC032A90ED8600B7D89A;
			packageReferences = (
				D8C41D7E2A93DFCF0041380D /* XCRemoteSwiftPackageReference "SnapKit" */,
				2EA903122AF2BDA900382CE4 /* XCRemoteSwiftPackageReference "firebase-ios-sdk" */,
				2E357B422AF40F9C00E509D7 /* XCRemoteSwiftPackageReference "Charts" */,
			);
			productRefGroup = D884DC0D2A90ED8600B7D89A /* Products */;
			projectDirPath = "";
			projectRoot = "";
			targets = (
				D884DC0B2A90ED8600B7D89A /* kirisShygysApp */,
			);
		};
/* End PBXProject section */

/* Begin PBXResourcesBuildPhase section */
		D884DC0A2A90ED8600B7D89A /* Resources */ = {
			isa = PBXResourcesBuildPhase;
			buildActionMask = 2147483647;
			files = (
				D884DC1C2A90ED8700B7D89A /* LaunchScreen.storyboard in Resources */,
				D884DC192A90ED8700B7D89A /* Assets.xcassets in Resources */,
				2ECB4AE12AF94EA6006D42BD /* GoogleService-Info.plist in Resources */,
			);
			runOnlyForDeploymentPostprocessing = 0;
		};
/* End PBXResourcesBuildPhase section */

/* Begin PBXSourcesBuildPhase section */
		D884DC082A90ED8600B7D89A /* Sources */ = {
			isa = PBXSourcesBuildPhase;
			buildActionMask = 2147483647;
			files = (
				2E4957D52B2247EC004BE02B /* CurrencyViewController.swift in Sources */,
				2E548B812AA4EE87008635FF /* ExpenseViewController.swift in Sources */,
				2ECC2C5C2B0F3BE600FE4D61 /* RegistrationPresenter.swift in Sources */,
				2E4957D72B224EC2004BE02B /* LanguageViewController.swift in Sources */,
				2ECC2C622B0F3C7D00FE4D61 /* AuthorizationViewController.swift in Sources */,
				2E5059372AFE93C100FF877F /* TransactionPresenter.swift in Sources */,
				2E6DD6B12B1E137E0088434A /* BrownCell.swift in Sources */,
				2E3DCF042ADDAF8C00BFDC19 /* TransactionContract.swift in Sources */,
				2E3DCEFC2ADDA96700BFDC19 /* ExpensePresenter.swift in Sources */,
				2E4957E12B235112004BE02B /* SettingsTableViewCell.swift in Sources */,
				2E3DCEB62AD1D5F400BFDC19 /* IncomeView.swift in Sources */,
				2E3DCEBC2AD8459D00BFDC19 /* ProfileTableViewCell.swift in Sources */,
				266835462A9FA598004C6ADD /* ForgotPasswordViewController.swift in Sources */,
				2E548B7F2AA4EE71008635FF /* IncomeViewController.swift in Sources */,
				2E548B792AA4EE45008635FF /* TransactionViewController.swift in Sources */,
				2E7B41392B2717B000E9D07A /* CurrencyContract.swift in Sources */,
				2E4957DF2B224FDF004BE02B /* NotificationSettingsViewController.swift in Sources */,
				2E548B742AA4EDD7008635FF /* MainTabBarController.swift in Sources */,
				2E6DD6A92B1DD9B60088434A /* FinancialReportViewController.swift in Sources */,
				2E3DCEBA2AD3063100BFDC19 /* CustomTabBar.swift in Sources */,
				D884DC102A90ED8600B7D89A /* AppDelegate.swift in Sources */,
				2EC3A4FF2B17A94000AA147B /* AuthorizationContract.swift in Sources */,
				2ECC2C5E2B0F3C0400FE4D61 /* AuthorizationPresenter.swift in Sources */,
				2E06B3A42B0D2155008F6691 /* OnboardingViewController.swift in Sources */,
				2E5FA05A2AFAB9B400989A15 /* FirebaseManager.swift in Sources */,
				D884DC122A90ED8600B7D89A /* SceneDelegate.swift in Sources */,
				2E548B7D2AA4EE62008635FF /* ProfileViewController.swift in Sources */,
				2E3DCEB22AD0A61A00BFDC19 /* NotificationViewController.swift in Sources */,
				2EA903112AF2B49F00382CE4 /* TransactionModel.swift in Sources */,
				2E7B413B2B2717BE00E9D07A /* CurrencyPresenter.swift in Sources */,
				2E548B772AA4EE22008635FF /* HomeViewController.swift in Sources */,
				2E3DCF022ADDAF7600BFDC19 /* HomeContract.swift in Sources */,
				2E3DCF0C2ADDAFEF00BFDC19 /* ProfileContract.swift in Sources */,
				2E3DCEAB2ACEC32E00BFDC19 /* TransactionTableViewCell.swift in Sources */,
				2E3DCEC02AD85B3800BFDC19 /* NotificationTableViewCell.swift in Sources */,
				2E5FA05C2AFABBFD00989A15 /* Document.swift in Sources */,
				2E4957A72B20D2F8004BE02B /* TransactionsChartsView.swift in Sources */,
				2ECC2C642B0FD1E600FE4D61 /* CheckField.swift in Sources */,
				2E3DCEF82ADDA94800BFDC19 /* ProfilePresenter.swift in Sources */,
				2E7B413D2B2717D400E9D07A /* CurrencyModel.swift in Sources */,
				2E3DCEFA2ADDA95900BFDC19 /* IncomePresenter.swift in Sources */,
				2E3DCEFE2ADDA97800BFDC19 /* NotificationPresenter.swift in Sources */,
				2E3DCF182ADDB05D00BFDC19 /* NotificationContract.swift in Sources */,
				2E3DCEC22AD85CBC00BFDC19 /* NotificationModel.swift in Sources */,
				2E3DCEF62ADDA93300BFDC19 /* BudgetPresenter.swift in Sources */,
				2E6DD6B62B1E42080088434A /* FinancialReportPresenter.swift in Sources */,
				2E3DCF082ADDAFCC00BFDC19 /* BudgetContract.swift in Sources */,
				2E3DCEBE2AD8479F00BFDC19 /* SettingsItem.swift in Sources */,
				2E6DD6B82B1E423C0088434A /* FinancialReportContract.swift in Sources */,
				2E548B7B2AA4EE57008635FF /* BudgetViewController.swift in Sources */,
				2ECC2C602B0F3C6800FE4D61 /* RegistrationViewController.swift in Sources */,
				2E3DCEB82AD1D60600BFDC19 /* ExpenseView.swift in Sources */,
				2E45E6122AF1545D00148305 /* HomeModel.swift in Sources */,
				2E6DD6AD2B1E13620088434A /* GreenCell.swift in Sources */,
				2EC3A4FD2B17A92400AA147B /* RegistrationContract.swift in Sources */,
				2E6DD6AF2B1E136E0088434A /* RedCell.swift in Sources */,
				2E3DCEF22ADDA8A600BFDC19 /* HomePresenter.swift in Sources */,
				2E3DCF102ADDB01200BFDC19 /* IncomeContract.swift in Sources */,
				2E3DCF142ADDB03A00BFDC19 /* ExpenseContract.swift in Sources */,
				2E7708ED2B1F208900868CB6 /* SettingsViewController.swift in Sources */,
			);
			runOnlyForDeploymentPostprocessing = 0;
		};
/* End PBXSourcesBuildPhase section */

/* Begin PBXVariantGroup section */
		D884DC1A2A90ED8700B7D89A /* LaunchScreen.storyboard */ = {
			isa = PBXVariantGroup;
			children = (
				D884DC1B2A90ED8700B7D89A /* Base */,
			);
			name = LaunchScreen.storyboard;
			sourceTree = "<group>";
		};
/* End PBXVariantGroup section */

/* Begin XCBuildConfiguration section */
		D884DC1E2A90ED8700B7D89A /* Debug */ = {
			isa = XCBuildConfiguration;
			buildSettings = {
				ALWAYS_SEARCH_USER_PATHS = NO;
				CLANG_ANALYZER_NONNULL = YES;
				CLANG_ANALYZER_NUMBER_OBJECT_CONVERSION = YES_AGGRESSIVE;
				CLANG_CXX_LANGUAGE_STANDARD = "gnu++20";
				CLANG_ENABLE_MODULES = YES;
				CLANG_ENABLE_OBJC_ARC = YES;
				CLANG_ENABLE_OBJC_WEAK = YES;
				CLANG_WARN_BLOCK_CAPTURE_AUTORELEASING = YES;
				CLANG_WARN_BOOL_CONVERSION = YES;
				CLANG_WARN_COMMA = YES;
				CLANG_WARN_CONSTANT_CONVERSION = YES;
				CLANG_WARN_DEPRECATED_OBJC_IMPLEMENTATIONS = YES;
				CLANG_WARN_DIRECT_OBJC_ISA_USAGE = YES_ERROR;
				CLANG_WARN_DOCUMENTATION_COMMENTS = YES;
				CLANG_WARN_EMPTY_BODY = YES;
				CLANG_WARN_ENUM_CONVERSION = YES;
				CLANG_WARN_INFINITE_RECURSION = YES;
				CLANG_WARN_INT_CONVERSION = YES;
				CLANG_WARN_NON_LITERAL_NULL_CONVERSION = YES;
				CLANG_WARN_OBJC_IMPLICIT_RETAIN_SELF = YES;
				CLANG_WARN_OBJC_LITERAL_CONVERSION = YES;
				CLANG_WARN_OBJC_ROOT_CLASS = YES_ERROR;
				CLANG_WARN_QUOTED_INCLUDE_IN_FRAMEWORK_HEADER = YES;
				CLANG_WARN_RANGE_LOOP_ANALYSIS = YES;
				CLANG_WARN_STRICT_PROTOTYPES = YES;
				CLANG_WARN_SUSPICIOUS_MOVE = YES;
				CLANG_WARN_UNGUARDED_AVAILABILITY = YES_AGGRESSIVE;
				CLANG_WARN_UNREACHABLE_CODE = YES;
				CLANG_WARN__DUPLICATE_METHOD_MATCH = YES;
				COPY_PHASE_STRIP = NO;
				DEBUG_INFORMATION_FORMAT = dwarf;
				ENABLE_STRICT_OBJC_MSGSEND = YES;
				ENABLE_TESTABILITY = YES;
				GCC_C_LANGUAGE_STANDARD = gnu11;
				GCC_DYNAMIC_NO_PIC = NO;
				GCC_NO_COMMON_BLOCKS = YES;
				GCC_OPTIMIZATION_LEVEL = 0;
				GCC_PREPROCESSOR_DEFINITIONS = (
					"DEBUG=1",
					"$(inherited)",
				);
				GCC_WARN_64_TO_32_BIT_CONVERSION = YES;
				GCC_WARN_ABOUT_RETURN_TYPE = YES_ERROR;
				GCC_WARN_UNDECLARED_SELECTOR = YES;
				GCC_WARN_UNINITIALIZED_AUTOS = YES_AGGRESSIVE;
				GCC_WARN_UNUSED_FUNCTION = YES;
				GCC_WARN_UNUSED_VARIABLE = YES;
				IPHONEOS_DEPLOYMENT_TARGET = 16.2;
				MTL_ENABLE_DEBUG_INFO = INCLUDE_SOURCE;
				MTL_FAST_MATH = YES;
				ONLY_ACTIVE_ARCH = YES;
				SDKROOT = iphoneos;
				SWIFT_ACTIVE_COMPILATION_CONDITIONS = DEBUG;
				SWIFT_OPTIMIZATION_LEVEL = "-Onone";
			};
			name = Debug;
		};
		D884DC1F2A90ED8700B7D89A /* Release */ = {
			isa = XCBuildConfiguration;
			buildSettings = {
				ALWAYS_SEARCH_USER_PATHS = NO;
				CLANG_ANALYZER_NONNULL = YES;
				CLANG_ANALYZER_NUMBER_OBJECT_CONVERSION = YES_AGGRESSIVE;
				CLANG_CXX_LANGUAGE_STANDARD = "gnu++20";
				CLANG_ENABLE_MODULES = YES;
				CLANG_ENABLE_OBJC_ARC = YES;
				CLANG_ENABLE_OBJC_WEAK = YES;
				CLANG_WARN_BLOCK_CAPTURE_AUTORELEASING = YES;
				CLANG_WARN_BOOL_CONVERSION = YES;
				CLANG_WARN_COMMA = YES;
				CLANG_WARN_CONSTANT_CONVERSION = YES;
				CLANG_WARN_DEPRECATED_OBJC_IMPLEMENTATIONS = YES;
				CLANG_WARN_DIRECT_OBJC_ISA_USAGE = YES_ERROR;
				CLANG_WARN_DOCUMENTATION_COMMENTS = YES;
				CLANG_WARN_EMPTY_BODY = YES;
				CLANG_WARN_ENUM_CONVERSION = YES;
				CLANG_WARN_INFINITE_RECURSION = YES;
				CLANG_WARN_INT_CONVERSION = YES;
				CLANG_WARN_NON_LITERAL_NULL_CONVERSION = YES;
				CLANG_WARN_OBJC_IMPLICIT_RETAIN_SELF = YES;
				CLANG_WARN_OBJC_LITERAL_CONVERSION = YES;
				CLANG_WARN_OBJC_ROOT_CLASS = YES_ERROR;
				CLANG_WARN_QUOTED_INCLUDE_IN_FRAMEWORK_HEADER = YES;
				CLANG_WARN_RANGE_LOOP_ANALYSIS = YES;
				CLANG_WARN_STRICT_PROTOTYPES = YES;
				CLANG_WARN_SUSPICIOUS_MOVE = YES;
				CLANG_WARN_UNGUARDED_AVAILABILITY = YES_AGGRESSIVE;
				CLANG_WARN_UNREACHABLE_CODE = YES;
				CLANG_WARN__DUPLICATE_METHOD_MATCH = YES;
				COPY_PHASE_STRIP = NO;
				DEBUG_INFORMATION_FORMAT = "dwarf-with-dsym";
				ENABLE_NS_ASSERTIONS = NO;
				ENABLE_STRICT_OBJC_MSGSEND = YES;
				GCC_C_LANGUAGE_STANDARD = gnu11;
				GCC_NO_COMMON_BLOCKS = YES;
				GCC_WARN_64_TO_32_BIT_CONVERSION = YES;
				GCC_WARN_ABOUT_RETURN_TYPE = YES_ERROR;
				GCC_WARN_UNDECLARED_SELECTOR = YES;
				GCC_WARN_UNINITIALIZED_AUTOS = YES_AGGRESSIVE;
				GCC_WARN_UNUSED_FUNCTION = YES;
				GCC_WARN_UNUSED_VARIABLE = YES;
				IPHONEOS_DEPLOYMENT_TARGET = 16.2;
				MTL_ENABLE_DEBUG_INFO = NO;
				MTL_FAST_MATH = YES;
				SDKROOT = iphoneos;
				SWIFT_COMPILATION_MODE = wholemodule;
				SWIFT_OPTIMIZATION_LEVEL = "-O";
				VALIDATE_PRODUCT = YES;
			};
			name = Release;
		};
		D884DC212A90ED8700B7D89A /* Debug */ = {
			isa = XCBuildConfiguration;
			buildSettings = {
				ASSETCATALOG_COMPILER_APPICON_NAME = AppIcon;
				ASSETCATALOG_COMPILER_GLOBAL_ACCENT_COLOR_NAME = AccentColor;
				CODE_SIGN_STYLE = Automatic;
				CURRENT_PROJECT_VERSION = 1;
				DEVELOPMENT_TEAM = "";
				GENERATE_INFOPLIST_FILE = YES;
				INFOPLIST_FILE = kirisShygysApp/AppResources/Info.plist;
				INFOPLIST_KEY_UIApplicationSupportsIndirectInputEvents = YES;
				INFOPLIST_KEY_UILaunchStoryboardName = LaunchScreen;
				INFOPLIST_KEY_UISupportedInterfaceOrientations = UIInterfaceOrientationPortrait;
				INFOPLIST_KEY_UISupportedInterfaceOrientations_iPad = "UIInterfaceOrientationLandscapeLeft UIInterfaceOrientationLandscapeRight UIInterfaceOrientationPortrait UIInterfaceOrientationPortraitUpsideDown";
				LD_RUNPATH_SEARCH_PATHS = (
					"$(inherited)",
					"@executable_path/Frameworks",
				);
				MARKETING_VERSION = 1.0;
				PRODUCT_BUNDLE_IDENTIFIER = polMentorCO.kirisShygysApp;
				PRODUCT_NAME = "$(TARGET_NAME)";
				SUPPORTED_PLATFORMS = "iphoneos iphonesimulator";
				SUPPORTS_MACCATALYST = NO;
				SUPPORTS_MAC_DESIGNED_FOR_IPHONE_IPAD = NO;
				SWIFT_EMIT_LOC_STRINGS = YES;
				SWIFT_VERSION = 5.0;
				TARGETED_DEVICE_FAMILY = 1;
			};
			name = Debug;
		};
		D884DC222A90ED8700B7D89A /* Release */ = {
			isa = XCBuildConfiguration;
			buildSettings = {
				ASSETCATALOG_COMPILER_APPICON_NAME = AppIcon;
				ASSETCATALOG_COMPILER_GLOBAL_ACCENT_COLOR_NAME = AccentColor;
				CODE_SIGN_STYLE = Automatic;
				CURRENT_PROJECT_VERSION = 1;
				DEVELOPMENT_TEAM = "";
				GENERATE_INFOPLIST_FILE = YES;
				INFOPLIST_FILE = kirisShygysApp/AppResources/Info.plist;
				INFOPLIST_KEY_UIApplicationSupportsIndirectInputEvents = YES;
				INFOPLIST_KEY_UILaunchStoryboardName = LaunchScreen;
				INFOPLIST_KEY_UISupportedInterfaceOrientations = UIInterfaceOrientationPortrait;
				INFOPLIST_KEY_UISupportedInterfaceOrientations_iPad = "UIInterfaceOrientationLandscapeLeft UIInterfaceOrientationLandscapeRight UIInterfaceOrientationPortrait UIInterfaceOrientationPortraitUpsideDown";
				LD_RUNPATH_SEARCH_PATHS = (
					"$(inherited)",
					"@executable_path/Frameworks",
				);
				MARKETING_VERSION = 1.0;
				PRODUCT_BUNDLE_IDENTIFIER = polMentorCO.kirisShygysApp;
				PRODUCT_NAME = "$(TARGET_NAME)";
				SUPPORTED_PLATFORMS = "iphoneos iphonesimulator";
				SUPPORTS_MACCATALYST = NO;
				SUPPORTS_MAC_DESIGNED_FOR_IPHONE_IPAD = NO;
				SWIFT_EMIT_LOC_STRINGS = YES;
				SWIFT_VERSION = 5.0;
				TARGETED_DEVICE_FAMILY = 1;
			};
			name = Release;
		};
/* End XCBuildConfiguration section */

/* Begin XCConfigurationList section */
		D884DC072A90ED8600B7D89A /* Build configuration list for PBXProject "kirisShygysApp" */ = {
			isa = XCConfigurationList;
			buildConfigurations = (
				D884DC1E2A90ED8700B7D89A /* Debug */,
				D884DC1F2A90ED8700B7D89A /* Release */,
			);
			defaultConfigurationIsVisible = 0;
			defaultConfigurationName = Release;
		};
		D884DC202A90ED8700B7D89A /* Build configuration list for PBXNativeTarget "kirisShygysApp" */ = {
			isa = XCConfigurationList;
			buildConfigurations = (
				D884DC212A90ED8700B7D89A /* Debug */,
				D884DC222A90ED8700B7D89A /* Release */,
			);
			defaultConfigurationIsVisible = 0;
			defaultConfigurationName = Release;
		};
/* End XCConfigurationList section */

/* Begin XCRemoteSwiftPackageReference section */
		2E357B422AF40F9C00E509D7 /* XCRemoteSwiftPackageReference "Charts" */ = {
			isa = XCRemoteSwiftPackageReference;
			repositoryURL = "https://github.com/danielgindi/Charts.git";
			requirement = {
				kind = upToNextMajorVersion;
				minimumVersion = 5.0.0;
			};
		};
		2EA903122AF2BDA900382CE4 /* XCRemoteSwiftPackageReference "firebase-ios-sdk" */ = {
			isa = XCRemoteSwiftPackageReference;
			repositoryURL = "https://github.com/firebase/firebase-ios-sdk";
			requirement = {
				kind = upToNextMajorVersion;
				minimumVersion = 10.0.0;
			};
		};
		D8C41D7E2A93DFCF0041380D /* XCRemoteSwiftPackageReference "SnapKit" */ = {
			isa = XCRemoteSwiftPackageReference;
			repositoryURL = "https://github.com/SnapKit/SnapKit.git";
			requirement = {
				kind = upToNextMajorVersion;
				minimumVersion = 5.0.0;
			};
		};
/* End XCRemoteSwiftPackageReference section */

/* Begin XCSwiftPackageProductDependency section */
		2EA903132AF2BDA900382CE4 /* FirebaseAuth */ = {
			isa = XCSwiftPackageProductDependency;
			package = 2EA903122AF2BDA900382CE4 /* XCRemoteSwiftPackageReference "firebase-ios-sdk" */;
			productName = FirebaseAuth;
		};
		2EA903152AF2BDA900382CE4 /* FirebaseDatabase */ = {
			isa = XCSwiftPackageProductDependency;
			package = 2EA903122AF2BDA900382CE4 /* XCRemoteSwiftPackageReference "firebase-ios-sdk" */;
			productName = FirebaseDatabase;
		};
		2EA903172AF2BDA900382CE4 /* FirebaseDatabaseSwift */ = {
			isa = XCSwiftPackageProductDependency;
			package = 2EA903122AF2BDA900382CE4 /* XCRemoteSwiftPackageReference "firebase-ios-sdk" */;
			productName = FirebaseDatabaseSwift;
		};
		2EA903192AF2BDA900382CE4 /* FirebaseFirestore */ = {
			isa = XCSwiftPackageProductDependency;
			package = 2EA903122AF2BDA900382CE4 /* XCRemoteSwiftPackageReference "firebase-ios-sdk" */;
			productName = FirebaseFirestore;
		};
		2EA9031B2AF2BDA900382CE4 /* FirebaseStorage */ = {
			isa = XCSwiftPackageProductDependency;
			package = 2EA903122AF2BDA900382CE4 /* XCRemoteSwiftPackageReference "firebase-ios-sdk" */;
			productName = FirebaseStorage;
		};
		D8C41D7F2A93DFCF0041380D /* SnapKit */ = {
			isa = XCSwiftPackageProductDependency;
			package = D8C41D7E2A93DFCF0041380D /* XCRemoteSwiftPackageReference "SnapKit" */;
			productName = SnapKit;
		};
/* End XCSwiftPackageProductDependency section */
	};
	rootObject = D884DC042A90ED8600B7D89A /* Project object */;
}
